// !$*UTF8*$!
{
	archiveVersion = 1;
	classes = {
	};
	objectVersion = 56;
	objects = {

/* Begin PBXBuildFile section */
		E509D9702C2A7F1000996B45 /* AppDelegate.swift in Sources */ = {isa = PBXBuildFile; fileRef = E509D96F2C2A7F1000996B45 /* AppDelegate.swift */; };
		E509D9722C2A7F1000996B45 /* SceneDelegate.swift in Sources */ = {isa = PBXBuildFile; fileRef = E509D9712C2A7F1000996B45 /* SceneDelegate.swift */; };
		E509D9792C2A7F1100996B45 /* Assets.xcassets in Resources */ = {isa = PBXBuildFile; fileRef = E509D9782C2A7F1100996B45 /* Assets.xcassets */; };
		E509D97C2C2A7F1100996B45 /* LaunchScreen.storyboard in Resources */ = {isa = PBXBuildFile; fileRef = E509D97A2C2A7F1100996B45 /* LaunchScreen.storyboard */; };
		E509D9842C2A868900996B45 /* Song.swift in Sources */ = {isa = PBXBuildFile; fileRef = E509D9832C2A868900996B45 /* Song.swift */; };
		E509D9872C2A86BD00996B45 /* NetworkManager.swift in Sources */ = {isa = PBXBuildFile; fileRef = E509D9862C2A86BD00996B45 /* NetworkManager.swift */; };
		E509D98B2C2A872A00996B45 /* SongListViewController.swift in Sources */ = {isa = PBXBuildFile; fileRef = E509D98A2C2A872A00996B45 /* SongListViewController.swift */; };
		E509D98F2C2A876500996B45 /* SongListInteractor.swift in Sources */ = {isa = PBXBuildFile; fileRef = E509D98E2C2A876500996B45 /* SongListInteractor.swift */; };
		E509D9922C2A878B00996B45 /* SongListPresenter.swift in Sources */ = {isa = PBXBuildFile; fileRef = E509D9912C2A878B00996B45 /* SongListPresenter.swift */; };
		E509D9952C2A87AA00996B45 /* SongListRouter.swift in Sources */ = {isa = PBXBuildFile; fileRef = E509D9942C2A87AA00996B45 /* SongListRouter.swift */; };
		E509D99D2C2A882500996B45 /* SongDetailViewController.swift in Sources */ = {isa = PBXBuildFile; fileRef = E509D99C2C2A882500996B45 /* SongDetailViewController.swift */; };
		E509D99F2C2A885600996B45 /* SongDetailInteractor.swift in Sources */ = {isa = PBXBuildFile; fileRef = E509D99E2C2A885600996B45 /* SongDetailInteractor.swift */; };
		E509D9A12C2A887E00996B45 /* SongDetailPresenter.swift in Sources */ = {isa = PBXBuildFile; fileRef = E509D9A02C2A887E00996B45 /* SongDetailPresenter.swift */; };
		E509D9A32C2A889900996B45 /* SongDetailRouter.swift in Sources */ = {isa = PBXBuildFile; fileRef = E509D9A22C2A889900996B45 /* SongDetailRouter.swift */; };
		E509D9A82C2A970D00996B45 /* SongTableViewCell.swift in Sources */ = {isa = PBXBuildFile; fileRef = E509D9A72C2A970D00996B45 /* SongTableViewCell.swift */; };
		E55F16052C2BB8580043E79B /* SongListPresenterOutput.swift in Sources */ = {isa = PBXBuildFile; fileRef = E55F16042C2BB8580043E79B /* SongListPresenterOutput.swift */; };
		E55F16072C2BB8A90043E79B /* SongListInteractorProtocol.swift in Sources */ = {isa = PBXBuildFile; fileRef = E55F16062C2BB8A90043E79B /* SongListInteractorProtocol.swift */; };
		E55F16092C2BB8CF0043E79B /* SongListPresenterProtocol.swift in Sources */ = {isa = PBXBuildFile; fileRef = E55F16082C2BB8CF0043E79B /* SongListPresenterProtocol.swift */; };
		E55F160B2C2BB8E20043E79B /* SongListRouterProtocol.swift in Sources */ = {isa = PBXBuildFile; fileRef = E55F160A2C2BB8E20043E79B /* SongListRouterProtocol.swift */; };
		E55F160D2C2BB8FB0043E79B /* SongDetailPresenterOutput.swift in Sources */ = {isa = PBXBuildFile; fileRef = E55F160C2C2BB8FB0043E79B /* SongDetailPresenterOutput.swift */; };
		E55F160F2C2BB9150043E79B /* SongDetailInteractorProtocol.swift in Sources */ = {isa = PBXBuildFile; fileRef = E55F160E2C2BB9150043E79B /* SongDetailInteractorProtocol.swift */; };
		E55F16112C2BB9320043E79B /* SongDetailPresenterProtocol.swift in Sources */ = {isa = PBXBuildFile; fileRef = E55F16102C2BB9320043E79B /* SongDetailPresenterProtocol.swift */; };
		E55F16132C2BB9470043E79B /* SongDetailRouterProtocol.swift in Sources */ = {isa = PBXBuildFile; fileRef = E55F16122C2BB9470043E79B /* SongDetailRouterProtocol.swift */; };
		E55F16152C2BBF230043E79B /* PlayerService.swift in Sources */ = {isa = PBXBuildFile; fileRef = E55F16142C2BBF230043E79B /* PlayerService.swift */; };
		E55F16172C2BC8AE0043E79B /* PlayerServiceProtocol.swift in Sources */ = {isa = PBXBuildFile; fileRef = E55F16162C2BC8AE0043E79B /* PlayerServiceProtocol.swift */; };
		E55F16192C2BC8CA0043E79B /* PlayerServiceDelegate.swift in Sources */ = {isa = PBXBuildFile; fileRef = E55F16182C2BC8CA0043E79B /* PlayerServiceDelegate.swift */; };
		E55F161F2C2BE62C0043E79B /* NetworkManagingProtocol.swift in Sources */ = {isa = PBXBuildFile; fileRef = E55F161E2C2BE62C0043E79B /* NetworkManagingProtocol.swift */; };
		E55F16282C2C050B0043E79B /* ImageLoadingService.swift in Sources */ = {isa = PBXBuildFile; fileRef = E55F16272C2C050B0043E79B /* ImageLoadingService.swift */; };
/* End PBXBuildFile section */

/* Begin PBXFileReference section */
		E509D96C2C2A7F1000996B45 /* iTunesApp.app */ = {isa = PBXFileReference; explicitFileType = wrapper.application; includeInIndex = 0; path = iTunesApp.app; sourceTree = BUILT_PRODUCTS_DIR; };
		E509D96F2C2A7F1000996B45 /* AppDelegate.swift */ = {isa = PBXFileReference; lastKnownFileType = sourcecode.swift; path = AppDelegate.swift; sourceTree = "<group>"; };
		E509D9712C2A7F1000996B45 /* SceneDelegate.swift */ = {isa = PBXFileReference; lastKnownFileType = sourcecode.swift; path = SceneDelegate.swift; sourceTree = "<group>"; };
		E509D9782C2A7F1100996B45 /* Assets.xcassets */ = {isa = PBXFileReference; lastKnownFileType = folder.assetcatalog; path = Assets.xcassets; sourceTree = "<group>"; };
		E509D97B2C2A7F1100996B45 /* Base */ = {isa = PBXFileReference; lastKnownFileType = file.storyboard; name = Base; path = Base.lproj/LaunchScreen.storyboard; sourceTree = "<group>"; };
		E509D97D2C2A7F1100996B45 /* Info.plist */ = {isa = PBXFileReference; lastKnownFileType = text.plist.xml; path = Info.plist; sourceTree = "<group>"; };
		E509D9832C2A868900996B45 /* Song.swift */ = {isa = PBXFileReference; lastKnownFileType = sourcecode.swift; path = Song.swift; sourceTree = "<group>"; };
		E509D9862C2A86BD00996B45 /* NetworkManager.swift */ = {isa = PBXFileReference; lastKnownFileType = sourcecode.swift; path = NetworkManager.swift; sourceTree = "<group>"; };
		E509D98A2C2A872A00996B45 /* SongListViewController.swift */ = {isa = PBXFileReference; lastKnownFileType = sourcecode.swift; path = SongListViewController.swift; sourceTree = "<group>"; };
		E509D98E2C2A876500996B45 /* SongListInteractor.swift */ = {isa = PBXFileReference; lastKnownFileType = sourcecode.swift; path = SongListInteractor.swift; sourceTree = "<group>"; };
		E509D9912C2A878B00996B45 /* SongListPresenter.swift */ = {isa = PBXFileReference; lastKnownFileType = sourcecode.swift; path = SongListPresenter.swift; sourceTree = "<group>"; };
		E509D9942C2A87AA00996B45 /* SongListRouter.swift */ = {isa = PBXFileReference; lastKnownFileType = sourcecode.swift; path = SongListRouter.swift; sourceTree = "<group>"; };
		E509D99C2C2A882500996B45 /* SongDetailViewController.swift */ = {isa = PBXFileReference; lastKnownFileType = sourcecode.swift; path = SongDetailViewController.swift; sourceTree = "<group>"; };
		E509D99E2C2A885600996B45 /* SongDetailInteractor.swift */ = {isa = PBXFileReference; lastKnownFileType = sourcecode.swift; path = SongDetailInteractor.swift; sourceTree = "<group>"; };
		E509D9A02C2A887E00996B45 /* SongDetailPresenter.swift */ = {isa = PBXFileReference; lastKnownFileType = sourcecode.swift; path = SongDetailPresenter.swift; sourceTree = "<group>"; };
		E509D9A22C2A889900996B45 /* SongDetailRouter.swift */ = {isa = PBXFileReference; lastKnownFileType = sourcecode.swift; path = SongDetailRouter.swift; sourceTree = "<group>"; };
		E509D9A72C2A970D00996B45 /* SongTableViewCell.swift */ = {isa = PBXFileReference; lastKnownFileType = sourcecode.swift; path = SongTableViewCell.swift; sourceTree = "<group>"; };
		E55F16042C2BB8580043E79B /* SongListPresenterOutput.swift */ = {isa = PBXFileReference; lastKnownFileType = sourcecode.swift; path = SongListPresenterOutput.swift; sourceTree = "<group>"; };
		E55F16062C2BB8A90043E79B /* SongListInteractorProtocol.swift */ = {isa = PBXFileReference; lastKnownFileType = sourcecode.swift; path = SongListInteractorProtocol.swift; sourceTree = "<group>"; };
		E55F16082C2BB8CF0043E79B /* SongListPresenterProtocol.swift */ = {isa = PBXFileReference; lastKnownFileType = sourcecode.swift; path = SongListPresenterProtocol.swift; sourceTree = "<group>"; };
		E55F160A2C2BB8E20043E79B /* SongListRouterProtocol.swift */ = {isa = PBXFileReference; lastKnownFileType = sourcecode.swift; path = SongListRouterProtocol.swift; sourceTree = "<group>"; };
		E55F160C2C2BB8FB0043E79B /* SongDetailPresenterOutput.swift */ = {isa = PBXFileReference; lastKnownFileType = sourcecode.swift; path = SongDetailPresenterOutput.swift; sourceTree = "<group>"; };
		E55F160E2C2BB9150043E79B /* SongDetailInteractorProtocol.swift */ = {isa = PBXFileReference; lastKnownFileType = sourcecode.swift; path = SongDetailInteractorProtocol.swift; sourceTree = "<group>"; };
		E55F16102C2BB9320043E79B /* SongDetailPresenterProtocol.swift */ = {isa = PBXFileReference; lastKnownFileType = sourcecode.swift; path = SongDetailPresenterProtocol.swift; sourceTree = "<group>"; };
		E55F16122C2BB9470043E79B /* SongDetailRouterProtocol.swift */ = {isa = PBXFileReference; lastKnownFileType = sourcecode.swift; path = SongDetailRouterProtocol.swift; sourceTree = "<group>"; };
		E55F16142C2BBF230043E79B /* PlayerService.swift */ = {isa = PBXFileReference; lastKnownFileType = sourcecode.swift; path = PlayerService.swift; sourceTree = "<group>"; };
		E55F16162C2BC8AE0043E79B /* PlayerServiceProtocol.swift */ = {isa = PBXFileReference; lastKnownFileType = sourcecode.swift; path = PlayerServiceProtocol.swift; sourceTree = "<group>"; };
		E55F16182C2BC8CA0043E79B /* PlayerServiceDelegate.swift */ = {isa = PBXFileReference; lastKnownFileType = sourcecode.swift; path = PlayerServiceDelegate.swift; sourceTree = "<group>"; };
		E55F161E2C2BE62C0043E79B /* NetworkManagingProtocol.swift */ = {isa = PBXFileReference; lastKnownFileType = sourcecode.swift; path = NetworkManagingProtocol.swift; sourceTree = "<group>"; };
		E55F16272C2C050B0043E79B /* ImageLoadingService.swift */ = {isa = PBXFileReference; lastKnownFileType = sourcecode.swift; path = ImageLoadingService.swift; sourceTree = "<group>"; };
/* End PBXFileReference section */

/* Begin PBXFrameworksBuildPhase section */
		E509D9692C2A7F1000996B45 /* Frameworks */ = {
			isa = PBXFrameworksBuildPhase;
			buildActionMask = 2147483647;
			files = (
			);
			runOnlyForDeploymentPostprocessing = 0;
		};
/* End PBXFrameworksBuildPhase section */

/* Begin PBXGroup section */
		E509D9632C2A7F1000996B45 = {
			isa = PBXGroup;
			children = (
				E509D96E2C2A7F1000996B45 /* iTunesApp */,
				E509D96D2C2A7F1000996B45 /* Products */,
			);
			sourceTree = "<group>";
		};
		E509D96D2C2A7F1000996B45 /* Products */ = {
			isa = PBXGroup;
			children = (
				E509D96C2C2A7F1000996B45 /* iTunesApp.app */,
			);
			name = Products;
			sourceTree = "<group>";
		};
		E509D96E2C2A7F1000996B45 /* iTunesApp */ = {
			isa = PBXGroup;
			children = (
				E509D96F2C2A7F1000996B45 /* AppDelegate.swift */,
				E509D9712C2A7F1000996B45 /* SceneDelegate.swift */,
				E509D9852C2A86AF00996B45 /* Managers */,
				E509D9882C2A86E200996B45 /* SongListModule */,
				E509D9782C2A7F1100996B45 /* Assets.xcassets */,
				E509D97A2C2A7F1100996B45 /* LaunchScreen.storyboard */,
				E509D97D2C2A7F1100996B45 /* Info.plist */,
			);
			path = iTunesApp;
			sourceTree = "<group>";
		};
		E509D9852C2A86AF00996B45 /* Managers */ = {
			isa = PBXGroup;
			children = (
				E55F16262C2C04FB0043E79B /* ImageLoadingService */,
				E55F16202C2BE6400043E79B /* NetworkManaging */,
				E55F161A2C2BE0780043E79B /* PlayerService */,
			);
			path = Managers;
			sourceTree = "<group>";
		};
		E509D9882C2A86E200996B45 /* SongListModule */ = {
			isa = PBXGroup;
			children = (
				E509D9962C2A87C900996B45 /* SongDetail */,
				E509D9892C2A86F000996B45 /* SongList */,
			);
			path = SongListModule;
			sourceTree = "<group>";
		};
		E509D9892C2A86F000996B45 /* SongList */ = {
			isa = PBXGroup;
			children = (
				E509D9932C2A879100996B45 /* Router */,
				E509D99B2C2A880900996B45 /* Entity */,
				E509D9902C2A877D00996B45 /* Presenter */,
				E509D98D2C2A874F00996B45 /* Interactor */,
				E509D98C2C2A873100996B45 /* View */,
			);
			path = SongList;
			sourceTree = "<group>";
		};
		E509D98C2C2A873100996B45 /* View */ = {
			isa = PBXGroup;
			children = (
				E509D98A2C2A872A00996B45 /* SongListViewController.swift */,
				E509D9A72C2A970D00996B45 /* SongTableViewCell.swift */,
			);
			path = View;
			sourceTree = "<group>";
		};
		E509D98D2C2A874F00996B45 /* Interactor */ = {
			isa = PBXGroup;
			children = (
				E55F16062C2BB8A90043E79B /* SongListInteractorProtocol.swift */,
				E509D98E2C2A876500996B45 /* SongListInteractor.swift */,
			);
			path = Interactor;
			sourceTree = "<group>";
		};
		E509D9902C2A877D00996B45 /* Presenter */ = {
			isa = PBXGroup;
			children = (
				E55F16082C2BB8CF0043E79B /* SongListPresenterProtocol.swift */,
				E509D9912C2A878B00996B45 /* SongListPresenter.swift */,
				E55F16042C2BB8580043E79B /* SongListPresenterOutput.swift */,
			);
			path = Presenter;
			sourceTree = "<group>";
		};
		E509D9932C2A879100996B45 /* Router */ = {
			isa = PBXGroup;
			children = (
				E509D9942C2A87AA00996B45 /* SongListRouter.swift */,
				E55F160A2C2BB8E20043E79B /* SongListRouterProtocol.swift */,
			);
			path = Router;
			sourceTree = "<group>";
		};
		E509D9962C2A87C900996B45 /* SongDetail */ = {
			isa = PBXGroup;
			children = (
				E509D99A2C2A87ED00996B45 /* Router */,
				E509D9992C2A87E600996B45 /* Presenter */,
				E509D9982C2A87DB00996B45 /* Interactor */,
				E509D9972C2A87D100996B45 /* View */,
			);
			path = SongDetail;
			sourceTree = "<group>";
		};
		E509D9972C2A87D100996B45 /* View */ = {
			isa = PBXGroup;
			children = (
				E509D99C2C2A882500996B45 /* SongDetailViewController.swift */,
			);
			path = View;
			sourceTree = "<group>";
		};
		E509D9982C2A87DB00996B45 /* Interactor */ = {
			isa = PBXGroup;
			children = (
				E55F160E2C2BB9150043E79B /* SongDetailInteractorProtocol.swift */,
				E509D99E2C2A885600996B45 /* SongDetailInteractor.swift */,
			);
			path = Interactor;
			sourceTree = "<group>";
		};
		E509D9992C2A87E600996B45 /* Presenter */ = {
			isa = PBXGroup;
			children = (
				E55F16102C2BB9320043E79B /* SongDetailPresenterProtocol.swift */,
				E509D9A02C2A887E00996B45 /* SongDetailPresenter.swift */,
				E55F160C2C2BB8FB0043E79B /* SongDetailPresenterOutput.swift */,
			);
			path = Presenter;
			sourceTree = "<group>";
		};
		E509D99A2C2A87ED00996B45 /* Router */ = {
			isa = PBXGroup;
			children = (
				E55F16122C2BB9470043E79B /* SongDetailRouterProtocol.swift */,
				E509D9A22C2A889900996B45 /* SongDetailRouter.swift */,
			);
			path = Router;
			sourceTree = "<group>";
		};
		E509D99B2C2A880900996B45 /* Entity */ = {
			isa = PBXGroup;
			children = (
				E509D9832C2A868900996B45 /* Song.swift */,
			);
			path = Entity;
			sourceTree = "<group>";
		};
		E55F161A2C2BE0780043E79B /* PlayerService */ = {
			isa = PBXGroup;
			children = (
				E55F16162C2BC8AE0043E79B /* PlayerServiceProtocol.swift */,
				E55F16182C2BC8CA0043E79B /* PlayerServiceDelegate.swift */,
				E55F16142C2BBF230043E79B /* PlayerService.swift */,
			);
			path = PlayerService;
			sourceTree = "<group>";
		};
		E55F16202C2BE6400043E79B /* NetworkManaging */ = {
			isa = PBXGroup;
			children = (
				E509D9862C2A86BD00996B45 /* NetworkManager.swift */,
				E55F161E2C2BE62C0043E79B /* NetworkManagingProtocol.swift */,
			);
			path = NetworkManaging;
			sourceTree = "<group>";
		};
		E55F16262C2C04FB0043E79B /* ImageLoadingService */ = {
			isa = PBXGroup;
			children = (
				E55F16272C2C050B0043E79B /* ImageLoadingService.swift */,
			);
			path = ImageLoadingService;
			sourceTree = "<group>";
		};
/* End PBXGroup section */

/* Begin PBXNativeTarget section */
		E509D96B2C2A7F1000996B45 /* iTunesApp */ = {
			isa = PBXNativeTarget;
			buildConfigurationList = E509D9802C2A7F1100996B45 /* Build configuration list for PBXNativeTarget "iTunesApp" */;
			buildPhases = (
				E509D9682C2A7F1000996B45 /* Sources */,
				E509D9692C2A7F1000996B45 /* Frameworks */,
				E509D96A2C2A7F1000996B45 /* Resources */,
			);
			buildRules = (
			);
			dependencies = (
			);
			name = iTunesApp;
			productName = iTunesApp;
			productReference = E509D96C2C2A7F1000996B45 /* iTunesApp.app */;
			productType = "com.apple.product-type.application";
		};
/* End PBXNativeTarget section */

/* Begin PBXProject section */
		E509D9642C2A7F1000996B45 /* Project object */ = {
			isa = PBXProject;
			attributes = {
				BuildIndependentTargetsInParallel = 1;
				LastSwiftUpdateCheck = 1500;
				LastUpgradeCheck = 1500;
				TargetAttributes = {
					E509D96B2C2A7F1000996B45 = {
						CreatedOnToolsVersion = 15.0;
					};
				};
			};
			buildConfigurationList = E509D9672C2A7F1000996B45 /* Build configuration list for PBXProject "iTunesApp" */;
			compatibilityVersion = "Xcode 14.0";
			developmentRegion = en;
			hasScannedForEncodings = 0;
			knownRegions = (
				en,
				Base,
			);
			mainGroup = E509D9632C2A7F1000996B45;
			productRefGroup = E509D96D2C2A7F1000996B45 /* Products */;
			projectDirPath = "";
			projectRoot = "";
			targets = (
				E509D96B2C2A7F1000996B45 /* iTunesApp */,
			);
		};
/* End PBXProject section */

/* Begin PBXResourcesBuildPhase section */
		E509D96A2C2A7F1000996B45 /* Resources */ = {
			isa = PBXResourcesBuildPhase;
			buildActionMask = 2147483647;
			files = (
				E509D97C2C2A7F1100996B45 /* LaunchScreen.storyboard in Resources */,
				E509D9792C2A7F1100996B45 /* Assets.xcassets in Resources */,
			);
			runOnlyForDeploymentPostprocessing = 0;
		};
/* End PBXResourcesBuildPhase section */

/* Begin PBXSourcesBuildPhase section */
		E509D9682C2A7F1000996B45 /* Sources */ = {
			isa = PBXSourcesBuildPhase;
			buildActionMask = 2147483647;
			files = (
				E55F16052C2BB8580043E79B /* SongListPresenterOutput.swift in Sources */,
				E509D9A32C2A889900996B45 /* SongDetailRouter.swift in Sources */,
				E509D9952C2A87AA00996B45 /* SongListRouter.swift in Sources */,
				E509D9842C2A868900996B45 /* Song.swift in Sources */,
				E509D99F2C2A885600996B45 /* SongDetailInteractor.swift in Sources */,
				E55F16132C2BB9470043E79B /* SongDetailRouterProtocol.swift in Sources */,
				E55F16072C2BB8A90043E79B /* SongListInteractorProtocol.swift in Sources */,
				E55F160B2C2BB8E20043E79B /* SongListRouterProtocol.swift in Sources */,
				E509D9872C2A86BD00996B45 /* NetworkManager.swift in Sources */,
				E55F16152C2BBF230043E79B /* PlayerService.swift in Sources */,
				E509D9702C2A7F1000996B45 /* AppDelegate.swift in Sources */,
				E509D9A12C2A887E00996B45 /* SongDetailPresenter.swift in Sources */,
				E55F16282C2C050B0043E79B /* ImageLoadingService.swift in Sources */,
				E55F16112C2BB9320043E79B /* SongDetailPresenterProtocol.swift in Sources */,
				E509D98F2C2A876500996B45 /* SongListInteractor.swift in Sources */,
				E509D99D2C2A882500996B45 /* SongDetailViewController.swift in Sources */,
				E509D9922C2A878B00996B45 /* SongListPresenter.swift in Sources */,
				E55F16092C2BB8CF0043E79B /* SongListPresenterProtocol.swift in Sources */,
				E509D9A82C2A970D00996B45 /* SongTableViewCell.swift in Sources */,
				E55F160F2C2BB9150043E79B /* SongDetailInteractorProtocol.swift in Sources */,
				E55F160D2C2BB8FB0043E79B /* SongDetailPresenterOutput.swift in Sources */,
				E509D9722C2A7F1000996B45 /* SceneDelegate.swift in Sources */,
				E55F161F2C2BE62C0043E79B /* NetworkManagingProtocol.swift in Sources */,
				E55F16172C2BC8AE0043E79B /* PlayerServiceProtocol.swift in Sources */,
				E55F16192C2BC8CA0043E79B /* PlayerServiceDelegate.swift in Sources */,
				E509D98B2C2A872A00996B45 /* SongListViewController.swift in Sources */,
			);
			runOnlyForDeploymentPostprocessing = 0;
		};
/* End PBXSourcesBuildPhase section */

/* Begin PBXVariantGroup section */
		E509D97A2C2A7F1100996B45 /* LaunchScreen.storyboard */ = {
			isa = PBXVariantGroup;
			children = (
				E509D97B2C2A7F1100996B45 /* Base */,
			);
			name = LaunchScreen.storyboard;
			sourceTree = "<group>";
		};
/* End PBXVariantGroup section */

/* Begin XCBuildConfiguration section */
		E509D97E2C2A7F1100996B45 /* Debug */ = {
			isa = XCBuildConfiguration;
			buildSettings = {
				ALWAYS_SEARCH_USER_PATHS = NO;
				ASSETCATALOG_COMPILER_GENERATE_SWIFT_ASSET_SYMBOL_EXTENSIONS = YES;
				CLANG_ANALYZER_NONNULL = YES;
				CLANG_ANALYZER_NUMBER_OBJECT_CONVERSION = YES_AGGRESSIVE;
				CLANG_CXX_LANGUAGE_STANDARD = "gnu++20";
				CLANG_ENABLE_MODULES = YES;
				CLANG_ENABLE_OBJC_ARC = YES;
				CLANG_ENABLE_OBJC_WEAK = YES;
				CLANG_WARN_BLOCK_CAPTURE_AUTORELEASING = YES;
				CLANG_WARN_BOOL_CONVERSION = YES;
				CLANG_WARN_COMMA = YES;
				CLANG_WARN_CONSTANT_CONVERSION = YES;
				CLANG_WARN_DEPRECATED_OBJC_IMPLEMENTATIONS = YES;
				CLANG_WARN_DIRECT_OBJC_ISA_USAGE = YES_ERROR;
				CLANG_WARN_DOCUMENTATION_COMMENTS = YES;
				CLANG_WARN_EMPTY_BODY = YES;
				CLANG_WARN_ENUM_CONVERSION = YES;
				CLANG_WARN_INFINITE_RECURSION = YES;
				CLANG_WARN_INT_CONVERSION = YES;
				CLANG_WARN_NON_LITERAL_NULL_CONVERSION = YES;
				CLANG_WARN_OBJC_IMPLICIT_RETAIN_SELF = YES;
				CLANG_WARN_OBJC_LITERAL_CONVERSION = YES;
				CLANG_WARN_OBJC_ROOT_CLASS = YES_ERROR;
				CLANG_WARN_QUOTED_INCLUDE_IN_FRAMEWORK_HEADER = YES;
				CLANG_WARN_RANGE_LOOP_ANALYSIS = YES;
				CLANG_WARN_STRICT_PROTOTYPES = YES;
				CLANG_WARN_SUSPICIOUS_MOVE = YES;
				CLANG_WARN_UNGUARDED_AVAILABILITY = YES_AGGRESSIVE;
				CLANG_WARN_UNREACHABLE_CODE = YES;
				CLANG_WARN__DUPLICATE_METHOD_MATCH = YES;
				COPY_PHASE_STRIP = NO;
				DEBUG_INFORMATION_FORMAT = dwarf;
				ENABLE_STRICT_OBJC_MSGSEND = YES;
				ENABLE_TESTABILITY = YES;
				ENABLE_USER_SCRIPT_SANDBOXING = YES;
				GCC_C_LANGUAGE_STANDARD = gnu17;
				GCC_DYNAMIC_NO_PIC = NO;
				GCC_NO_COMMON_BLOCKS = YES;
				GCC_OPTIMIZATION_LEVEL = 0;
				GCC_PREPROCESSOR_DEFINITIONS = (
					"DEBUG=1",
					"$(inherited)",
				);
				GCC_WARN_64_TO_32_BIT_CONVERSION = YES;
				GCC_WARN_ABOUT_RETURN_TYPE = YES_ERROR;
				GCC_WARN_UNDECLARED_SELECTOR = YES;
				GCC_WARN_UNINITIALIZED_AUTOS = YES_AGGRESSIVE;
				GCC_WARN_UNUSED_FUNCTION = YES;
				GCC_WARN_UNUSED_VARIABLE = YES;
				IPHONEOS_DEPLOYMENT_TARGET = 17.0;
				LOCALIZATION_PREFERS_STRING_CATALOGS = YES;
				MTL_ENABLE_DEBUG_INFO = INCLUDE_SOURCE;
				MTL_FAST_MATH = YES;
				ONLY_ACTIVE_ARCH = YES;
				SDKROOT = iphoneos;
				SWIFT_ACTIVE_COMPILATION_CONDITIONS = "DEBUG $(inherited)";
				SWIFT_OPTIMIZATION_LEVEL = "-Onone";
			};
			name = Debug;
		};
		E509D97F2C2A7F1100996B45 /* Release */ = {
			isa = XCBuildConfiguration;
			buildSettings = {
				ALWAYS_SEARCH_USER_PATHS = NO;
				ASSETCATALOG_COMPILER_GENERATE_SWIFT_ASSET_SYMBOL_EXTENSIONS = YES;
				CLANG_ANALYZER_NONNULL = YES;
				CLANG_ANALYZER_NUMBER_OBJECT_CONVERSION = YES_AGGRESSIVE;
				CLANG_CXX_LANGUAGE_STANDARD = "gnu++20";
				CLANG_ENABLE_MODULES = YES;
				CLANG_ENABLE_OBJC_ARC = YES;
				CLANG_ENABLE_OBJC_WEAK = YES;
				CLANG_WARN_BLOCK_CAPTURE_AUTORELEASING = YES;
				CLANG_WARN_BOOL_CONVERSION = YES;
				CLANG_WARN_COMMA = YES;
				CLANG_WARN_CONSTANT_CONVERSION = YES;
				CLANG_WARN_DEPRECATED_OBJC_IMPLEMENTATIONS = YES;
				CLANG_WARN_DIRECT_OBJC_ISA_USAGE = YES_ERROR;
				CLANG_WARN_DOCUMENTATION_COMMENTS = YES;
				CLANG_WARN_EMPTY_BODY = YES;
				CLANG_WARN_ENUM_CONVERSION = YES;
				CLANG_WARN_INFINITE_RECURSION = YES;
				CLANG_WARN_INT_CONVERSION = YES;
				CLANG_WARN_NON_LITERAL_NULL_CONVERSION = YES;
				CLANG_WARN_OBJC_IMPLICIT_RETAIN_SELF = YES;
				CLANG_WARN_OBJC_LITERAL_CONVERSION = YES;
				CLANG_WARN_OBJC_ROOT_CLASS = YES_ERROR;
				CLANG_WARN_QUOTED_INCLUDE_IN_FRAMEWORK_HEADER = YES;
				CLANG_WARN_RANGE_LOOP_ANALYSIS = YES;
				CLANG_WARN_STRICT_PROTOTYPES = YES;
				CLANG_WARN_SUSPICIOUS_MOVE = YES;
				CLANG_WARN_UNGUARDED_AVAILABILITY = YES_AGGRESSIVE;
				CLANG_WARN_UNREACHABLE_CODE = YES;
				CLANG_WARN__DUPLICATE_METHOD_MATCH = YES;
				COPY_PHASE_STRIP = NO;
				DEBUG_INFORMATION_FORMAT = "dwarf-with-dsym";
				ENABLE_NS_ASSERTIONS = NO;
				ENABLE_STRICT_OBJC_MSGSEND = YES;
				ENABLE_USER_SCRIPT_SANDBOXING = YES;
				GCC_C_LANGUAGE_STANDARD = gnu17;
				GCC_NO_COMMON_BLOCKS = YES;
				GCC_WARN_64_TO_32_BIT_CONVERSION = YES;
				GCC_WARN_ABOUT_RETURN_TYPE = YES_ERROR;
				GCC_WARN_UNDECLARED_SELECTOR = YES;
				GCC_WARN_UNINITIALIZED_AUTOS = YES_AGGRESSIVE;
				GCC_WARN_UNUSED_FUNCTION = YES;
				GCC_WARN_UNUSED_VARIABLE = YES;
				IPHONEOS_DEPLOYMENT_TARGET = 17.0;
				LOCALIZATION_PREFERS_STRING_CATALOGS = YES;
				MTL_ENABLE_DEBUG_INFO = NO;
				MTL_FAST_MATH = YES;
				SDKROOT = iphoneos;
				SWIFT_COMPILATION_MODE = wholemodule;
				VALIDATE_PRODUCT = YES;
			};
			name = Release;
		};
		E509D9812C2A7F1100996B45 /* Debug */ = {
			isa = XCBuildConfiguration;
			buildSettings = {
				ASSETCATALOG_COMPILER_APPICON_NAME = AppIcon;
				ASSETCATALOG_COMPILER_GLOBAL_ACCENT_COLOR_NAME = AccentColor;
				CODE_SIGN_STYLE = Automatic;
				CURRENT_PROJECT_VERSION = 1;
				DEVELOPMENT_TEAM = 285RB76V6A;
				GENERATE_INFOPLIST_FILE = YES;
				INFOPLIST_FILE = iTunesApp/Info.plist;
				INFOPLIST_KEY_UIApplicationSupportsIndirectInputEvents = YES;
				INFOPLIST_KEY_UILaunchStoryboardName = LaunchScreen;
				INFOPLIST_KEY_UISupportedInterfaceOrientations_iPad = "UIInterfaceOrientationPortrait UIInterfaceOrientationPortraitUpsideDown UIInterfaceOrientationLandscapeLeft UIInterfaceOrientationLandscapeRight";
				INFOPLIST_KEY_UISupportedInterfaceOrientations_iPhone = "UIInterfaceOrientationPortrait UIInterfaceOrientationLandscapeLeft UIInterfaceOrientationLandscapeRight";
				LD_RUNPATH_SEARCH_PATHS = (
					"$(inherited)",
					"@executable_path/Frameworks",
				);
				MARKETING_VERSION = 1.0;
				PRODUCT_BUNDLE_IDENTIFIER = iTunesApp.iTunesApp;
				PRODUCT_NAME = "$(TARGET_NAME)";
				SWIFT_EMIT_LOC_STRINGS = YES;
				SWIFT_VERSION = 5.0;
				TARGETED_DEVICE_FAMILY = "1,2";
			};
			name = Debug;
		};
		E509D9822C2A7F1100996B45 /* Release */ = {
			isa = XCBuildConfiguration;
			buildSettings = {
				ASSETCATALOG_COMPILER_APPICON_NAME = AppIcon;
				ASSETCATALOG_COMPILER_GLOBAL_ACCENT_COLOR_NAME = AccentColor;
				CODE_SIGN_STYLE = Automatic;
				CURRENT_PROJECT_VERSION = 1;
				DEVELOPMENT_TEAM = 285RB76V6A;
				GENERATE_INFOPLIST_FILE = YES;
				INFOPLIST_FILE = iTunesApp/Info.plist;
				INFOPLIST_KEY_UIApplicationSupportsIndirectInputEvents = YES;
				INFOPLIST_KEY_UILaunchStoryboardName = LaunchScreen;
				INFOPLIST_KEY_UISupportedInterfaceOrientations_iPad = "UIInterfaceOrientationPortrait UIInterfaceOrientationPortraitUpsideDown UIInterfaceOrientationLandscapeLeft UIInterfaceOrientationLandscapeRight";
				INFOPLIST_KEY_UISupportedInterfaceOrientations_iPhone = "UIInterfaceOrientationPortrait UIInterfaceOrientationLandscapeLeft UIInterfaceOrientationLandscapeRight";
				LD_RUNPATH_SEARCH_PATHS = (
					"$(inherited)",
					"@executable_path/Frameworks",
				);
				MARKETING_VERSION = 1.0;
				PRODUCT_BUNDLE_IDENTIFIER = iTunesApp.iTunesApp;
				PRODUCT_NAME = "$(TARGET_NAME)";
				SWIFT_EMIT_LOC_STRINGS = YES;
				SWIFT_VERSION = 5.0;
				TARGETED_DEVICE_FAMILY = "1,2";
			};
			name = Release;
		};
/* End XCBuildConfiguration section */

/* Begin XCConfigurationList section */
		E509D9672C2A7F1000996B45 /* Build configuration list for PBXProject "iTunesApp" */ = {
			isa = XCConfigurationList;
			buildConfigurations = (
				E509D97E2C2A7F1100996B45 /* Debug */,
				E509D97F2C2A7F1100996B45 /* Release */,
			);
			defaultConfigurationIsVisible = 0;
			defaultConfigurationName = Release;
		};
		E509D9802C2A7F1100996B45 /* Build configuration list for PBXNativeTarget "iTunesApp" */ = {
			isa = XCConfigurationList;
			buildConfigurations = (
				E509D9812C2A7F1100996B45 /* Debug */,
				E509D9822C2A7F1100996B45 /* Release */,
			);
			defaultConfigurationIsVisible = 0;
			defaultConfigurationName = Release;
		};
/* End XCConfigurationList section */
	};
	rootObject = E509D9642C2A7F1000996B45 /* Project object */;
}
